<?xml version="1.0" encoding="utf-8"?>
<Project ToolsVersion="17.0" xmlns="http://schemas.microsoft.com/developer/msbuild/2003">
  <ItemGroup>
    <CustomBuild Include="C:\Users\samue\Documents\buildtemplate\build-vs\CMakeFiles\23d0673c17e37db59ff69131b8eafd3d\generate.stamp.rule">
      <Filter>CMake Rules</Filter>
    </CustomBuild>
  </ItemGroup>
  <ItemGroup>
    <Filter Include="CMake Rules">
      <UniqueIdentifier>{EAABB3E2-07BE-3542-A7D4-C1A90EF9862D}</UniqueIdentifier>
    </Filter>
  </ItemGroup>
</Project>
